
Microsoft Visual Studio Solution File, Format Version 12.00
# Visual Studio Version 17
VisualStudioVersion = 17.0.31717.71
MinimumVisualStudioVersion = 10.0.40219.1
Project("{9A19103F-16F7-4668-BE54-9A1E7A4F7556}") = "Dan.Plugin.Skatteetaten", "src\Dan.Plugin.Skatteetaten\Dan.Plugin.Skatteetaten.csproj", "{EC1D3A58-C881-442C-8C4A-B1D2A2535F6B}"
EndProject
Project("{9A19103F-16F7-4668-BE54-9A1E7A4F7556}") = "Dan.Plugin.Skatteetaten.Test", "test\Dan.Plugin.Skatteetaten.Test\Dan.Plugin.Skatteetaten.Test.csproj", "{6BC4022D-D7C6-42CD-ABD2-C898EB75A239}"
EndProject
Global
	GlobalSection(SolutionConfigurationPlatforms) = preSolution
		Debug|Any CPU = Debug|Any CPU
		Release|Any CPU = Release|Any CPU
	EndGlobalSection
	GlobalSection(ProjectConfigurationPlatforms) = postSolution
		{EC1D3A58-C881-442C-8C4A-B1D2A2535F6B}.Debug|Any CPU.ActiveCfg = Debug|Any CPU
		{EC1D3A58-C881-442C-8C4A-B1D2A2535F6B}.Debug|Any CPU.Build.0 = Debug|Any CPU
		{EC1D3A58-C881-442C-8C4A-B1D2A2535F6B}.Release|Any CPU.ActiveCfg = Release|Any CPU
		{EC1D3A58-C881-442C-8C4A-B1D2A2535F6B}.Release|Any CPU.Build.0 = Release|Any CPU
		{6BC4022D-D7C6-42CD-ABD2-C898EB75A239}.Debug|Any CPU.ActiveCfg = Debug|Any CPU
		{6BC4022D-D7C6-42CD-ABD2-C898EB75A239}.Debug|Any CPU.Build.0 = Debug|Any CPU
		{6BC4022D-D7C6-42CD-ABD2-C898EB75A239}.Release|Any CPU.ActiveCfg = Release|Any CPU
		{6BC4022D-D7C6-42CD-ABD2-C898EB75A239}.Release|Any CPU.Build.0 = Release|Any CPU
	EndGlobalSection
	GlobalSection(SolutionProperties) = preSolution
		HideSolutionNode = FALSE
	EndGlobalSection
	GlobalSection(ExtensibilityGlobals) = postSolution
		SolutionGuid = {9C136489-16DA-43F4-A16A-9038157D6FDF}
	EndGlobalSection
EndGlobal
